
Microsoft Visual Studio Solution File, Format Version 12.00
# Visual Studio Version 17
VisualStudioVersion = 17.11.35303.130
MinimumVisualStudioVersion = 10.0.40219.1
Project("{9A19103F-16F7-4668-BE54-9A1E7A4F7556}") = "MyFirstConsoleApp", "MyFirstConsoleApp\MyFirstConsoleApp.csproj", "{01DE9FAE-9508-49CE-B58C-07DE6643423A}"
EndProject
Project("{9A19103F-16F7-4668-BE54-9A1E7A4F7556}") = "SWP_Test2_25.10.2024", "SWP_Test1_25.10.2024\SWP_Test2_25.10.2024.csproj", "{7EC75882-E3FA-46E4-BF0C-F3144E13E3AD}"
EndProject
Project("{9A19103F-16F7-4668-BE54-9A1E7A4F7556}") = "Objektorientiertes Programmieren", "..\Objektorientiertes Programmieren\Objektorientiertes Programmieren.csproj", "{6C003A94-90B9-4615-956D-E3A07D5D2016}"
EndProject
Project("{9A19103F-16F7-4668-BE54-9A1E7A4F7556}") = "TestProject1", "TestProject1\TestProject1.csproj", "{7C486655-9CB8-4E89-96BB-440AC54C0893}"
EndProject
Project("{9A19103F-16F7-4668-BE54-9A1E7A4F7556}") = "OOP-School", "OOP-School\OOP-School.csproj", "{1DFF2006-686D-43F1-B15F-05776B89D1EE}"
EndProject
Project("{FAE04EC0-301F-11D3-BF4B-00C04F79EFBC}") = "TestProject3", "TestProject3\TestProject3.csproj", "{32AAFAE0-9F95-4E14-A27A-D995D6BCAC05}"
EndProject
Global
	GlobalSection(SolutionConfigurationPlatforms) = preSolution
		Debug|Any CPU = Debug|Any CPU
		Release|Any CPU = Release|Any CPU
	EndGlobalSection
	GlobalSection(ProjectConfigurationPlatforms) = postSolution
		{01DE9FAE-9508-49CE-B58C-07DE6643423A}.Debug|Any CPU.ActiveCfg = Debug|Any CPU
		{01DE9FAE-9508-49CE-B58C-07DE6643423A}.Debug|Any CPU.Build.0 = Debug|Any CPU
		{01DE9FAE-9508-49CE-B58C-07DE6643423A}.Release|Any CPU.ActiveCfg = Release|Any CPU
		{01DE9FAE-9508-49CE-B58C-07DE6643423A}.Release|Any CPU.Build.0 = Release|Any CPU
		{7EC75882-E3FA-46E4-BF0C-F3144E13E3AD}.Debug|Any CPU.ActiveCfg = Debug|Any CPU
		{7EC75882-E3FA-46E4-BF0C-F3144E13E3AD}.Debug|Any CPU.Build.0 = Debug|Any CPU
		{7EC75882-E3FA-46E4-BF0C-F3144E13E3AD}.Release|Any CPU.ActiveCfg = Release|Any CPU
		{7EC75882-E3FA-46E4-BF0C-F3144E13E3AD}.Release|Any CPU.Build.0 = Release|Any CPU
		{6C003A94-90B9-4615-956D-E3A07D5D2016}.Debug|Any CPU.ActiveCfg = Debug|Any CPU
		{6C003A94-90B9-4615-956D-E3A07D5D2016}.Debug|Any CPU.Build.0 = Debug|Any CPU
		{6C003A94-90B9-4615-956D-E3A07D5D2016}.Release|Any CPU.ActiveCfg = Release|Any CPU
		{6C003A94-90B9-4615-956D-E3A07D5D2016}.Release|Any CPU.Build.0 = Release|Any CPU
		{7C486655-9CB8-4E89-96BB-440AC54C0893}.Debug|Any CPU.ActiveCfg = Debug|Any CPU
		{7C486655-9CB8-4E89-96BB-440AC54C0893}.Debug|Any CPU.Build.0 = Debug|Any CPU
		{7C486655-9CB8-4E89-96BB-440AC54C0893}.Release|Any CPU.ActiveCfg = Release|Any CPU
		{7C486655-9CB8-4E89-96BB-440AC54C0893}.Release|Any CPU.Build.0 = Release|Any CPU
		{1DFF2006-686D-43F1-B15F-05776B89D1EE}.Debug|Any CPU.ActiveCfg = Debug|Any CPU
		{1DFF2006-686D-43F1-B15F-05776B89D1EE}.Debug|Any CPU.Build.0 = Debug|Any CPU
		{1DFF2006-686D-43F1-B15F-05776B89D1EE}.Release|Any CPU.ActiveCfg = Release|Any CPU
		{1DFF2006-686D-43F1-B15F-05776B89D1EE}.Release|Any CPU.Build.0 = Release|Any CPU
		{32AAFAE0-9F95-4E14-A27A-D995D6BCAC05}.Debug|Any CPU.ActiveCfg = Debug|Any CPU
		{32AAFAE0-9F95-4E14-A27A-D995D6BCAC05}.Debug|Any CPU.Build.0 = Debug|Any CPU
		{32AAFAE0-9F95-4E14-A27A-D995D6BCAC05}.Release|Any CPU.ActiveCfg = Release|Any CPU
		{32AAFAE0-9F95-4E14-A27A-D995D6BCAC05}.Release|Any CPU.Build.0 = Release|Any CPU
	EndGlobalSection
	GlobalSection(SolutionProperties) = preSolution
		HideSolutionNode = FALSE
	EndGlobalSection
	GlobalSection(ExtensibilityGlobals) = postSolution
		SolutionGuid = {067FF67B-F716-4924-A6AF-B432E10E2D40}
	EndGlobalSection
EndGlobal
